
Microsoft Visual Studio Solution File, Format Version 12.00
# Visual Studio Version 16
VisualStudioVersion = 16.0.31729.503
MinimumVisualStudioVersion = 10.0.40219.1
Project("{FAE04EC0-301F-11D3-BF4B-00C04F79EFBC}") = "app-web-backend", "app-web-backend\app-web-backend.csproj", "{171FA334-DEBD-4A3E-A1A1-8E3662569A3C}"
EndProject
Global
	GlobalSection(SolutionConfigurationPlatforms) = preSolution
		Debug|Any CPU = Debug|Any CPU
		Release|Any CPU = Release|Any CPU
	EndGlobalSection
	GlobalSection(ProjectConfigurationPlatforms) = postSolution
		{171FA334-DEBD-4A3E-A1A1-8E3662569A3C}.Debug|Any CPU.ActiveCfg = Debug|Any CPU
		{171FA334-DEBD-4A3E-A1A1-8E3662569A3C}.Debug|Any CPU.Build.0 = Debug|Any CPU
		{171FA334-DEBD-4A3E-A1A1-8E3662569A3C}.Release|Any CPU.ActiveCfg = Release|Any CPU
		{171FA334-DEBD-4A3E-A1A1-8E3662569A3C}.Release|Any CPU.Build.0 = Release|Any CPU
	EndGlobalSection
	GlobalSection(SolutionProperties) = preSolution
		HideSolutionNode = FALSE
	EndGlobalSection
	GlobalSection(ExtensibilityGlobals) = postSolution
		SolutionGuid = {01C85765-19EB-450E-A12D-B7F4A8C4EBA0}
	EndGlobalSection
EndGlobal
